// !$*UTF8*$!
{
	archiveVersion = 1;
	classes = {
	};
	objectVersion = 56;
	objects = {

/* Begin PBXBuildFile section */
		451023AE2B1BDB4C007D0207 /* Tabs.swift in Sources */ = {isa = PBXBuildFile; fileRef = 451023AD2B1BDB4C007D0207 /* Tabs.swift */; };
		451023B02B1BDC08007D0207 /* Layout.swift in Sources */ = {isa = PBXBuildFile; fileRef = 451023AF2B1BDC08007D0207 /* Layout.swift */; };
		451023B22B1BE14F007D0207 /* Profile.swift in Sources */ = {isa = PBXBuildFile; fileRef = 451023B12B1BE14F007D0207 /* Profile.swift */; };
		457E97C82B307E92002AF9B1 /* Support.swift in Sources */ = {isa = PBXBuildFile; fileRef = 457E97C72B307E92002AF9B1 /* Support.swift */; };
		458FA9BE2B11664700BB3C62 /* Signup.swift in Sources */ = {isa = PBXBuildFile; fileRef = 458FA9BD2B11664700BB3C62 /* Signup.swift */; };
		459929752B097E2A007F5983 /* TomatoGrotesk-Bold.otf in Resources */ = {isa = PBXBuildFile; fileRef = 459929742B097E2A007F5983 /* TomatoGrotesk-Bold.otf */; };
		459929772B097E6B007F5983 /* DMSans-Regular.ttf in Resources */ = {isa = PBXBuildFile; fileRef = 459929762B097E6B007F5983 /* DMSans-Regular.ttf */; };
		45CB30E52B1261D900DAE216 /* DMSans-Bold.ttf in Resources */ = {isa = PBXBuildFile; fileRef = 45CB30E42B1261D900DAE216 /* DMSans-Bold.ttf */; };
		45CB30E82B12A64300DAE216 /* Dropdown.swift in Sources */ = {isa = PBXBuildFile; fileRef = 45CB30E72B12A64300DAE216 /* Dropdown.swift */; };
		45CB9CFE2AFFDA4F003A96DB /* omiApp.swift in Sources */ = {isa = PBXBuildFile; fileRef = 45CB9CFD2AFFDA4F003A96DB /* omiApp.swift */; };
		45CB9D002AFFDA4F003A96DB /* ContentView.swift in Sources */ = {isa = PBXBuildFile; fileRef = 45CB9CFF2AFFDA4F003A96DB /* ContentView.swift */; };
		45CB9D022AFFDA50003A96DB /* Assets.xcassets in Resources */ = {isa = PBXBuildFile; fileRef = 45CB9D012AFFDA50003A96DB /* Assets.xcassets */; };
		45CB9D052AFFDA50003A96DB /* Preview Assets.xcassets in Resources */ = {isa = PBXBuildFile; fileRef = 45CB9D042AFFDA50003A96DB /* Preview Assets.xcassets */; };
		45CB9D142B000A24003A96DB /* OnboardData.swift in Sources */ = {isa = PBXBuildFile; fileRef = 45CB9D132B000A24003A96DB /* OnboardData.swift */; };
		45CB9D182B00106F003A96DB /* Onboarding.swift in Sources */ = {isa = PBXBuildFile; fileRef = 45CB9D172B00106F003A96DB /* Onboarding.swift */; };
		45DCB5ED2B13B9D80047055C /* ForgotPassword.swift in Sources */ = {isa = PBXBuildFile; fileRef = 45DCB5EC2B13B9D80047055C /* ForgotPassword.swift */; };
		45DCB5F02B13BB090047055C /* Home.swift in Sources */ = {isa = PBXBuildFile; fileRef = 45DCB5EF2B13BB090047055C /* Home.swift */; };
		45F0E81B2B090EDE00F90BD6 /* Login.swift in Sources */ = {isa = PBXBuildFile; fileRef = 45F0E81A2B090EDE00F90BD6 /* Login.swift */; };
/* End PBXBuildFile section */

/* Begin PBXFileReference section */
		451023AD2B1BDB4C007D0207 /* Tabs.swift */ = {isa = PBXFileReference; lastKnownFileType = sourcecode.swift; path = Tabs.swift; sourceTree = "<group>"; };
		451023AF2B1BDC08007D0207 /* Layout.swift */ = {isa = PBXFileReference; lastKnownFileType = sourcecode.swift; path = Layout.swift; sourceTree = "<group>"; };
		451023B12B1BE14F007D0207 /* Profile.swift */ = {isa = PBXFileReference; lastKnownFileType = sourcecode.swift; path = Profile.swift; sourceTree = "<group>"; };
		457E97C72B307E92002AF9B1 /* Support.swift */ = {isa = PBXFileReference; lastKnownFileType = sourcecode.swift; path = Support.swift; sourceTree = "<group>"; };
		458FA9BD2B11664700BB3C62 /* Signup.swift */ = {isa = PBXFileReference; lastKnownFileType = sourcecode.swift; path = Signup.swift; sourceTree = "<group>"; };
		459929742B097E2A007F5983 /* TomatoGrotesk-Bold.otf */ = {isa = PBXFileReference; lastKnownFileType = file; path = "TomatoGrotesk-Bold.otf"; sourceTree = "<group>"; };
		459929762B097E6B007F5983 /* DMSans-Regular.ttf */ = {isa = PBXFileReference; lastKnownFileType = file; path = "DMSans-Regular.ttf"; sourceTree = "<group>"; };
		45CB30E42B1261D900DAE216 /* DMSans-Bold.ttf */ = {isa = PBXFileReference; lastKnownFileType = file; path = "DMSans-Bold.ttf"; sourceTree = "<group>"; };
		45CB30E72B12A64300DAE216 /* Dropdown.swift */ = {isa = PBXFileReference; lastKnownFileType = sourcecode.swift; path = Dropdown.swift; sourceTree = "<group>"; };
		45CB9CFA2AFFDA4F003A96DB /* omi.app */ = {isa = PBXFileReference; explicitFileType = wrapper.application; includeInIndex = 0; path = omi.app; sourceTree = BUILT_PRODUCTS_DIR; };
		45CB9CFD2AFFDA4F003A96DB /* omiApp.swift */ = {isa = PBXFileReference; lastKnownFileType = sourcecode.swift; path = omiApp.swift; sourceTree = "<group>"; };
		45CB9CFF2AFFDA4F003A96DB /* ContentView.swift */ = {isa = PBXFileReference; lastKnownFileType = sourcecode.swift; path = ContentView.swift; sourceTree = "<group>"; };
		45CB9D012AFFDA50003A96DB /* Assets.xcassets */ = {isa = PBXFileReference; lastKnownFileType = folder.assetcatalog; path = Assets.xcassets; sourceTree = "<group>"; };
		45CB9D042AFFDA50003A96DB /* Preview Assets.xcassets */ = {isa = PBXFileReference; lastKnownFileType = folder.assetcatalog; path = "Preview Assets.xcassets"; sourceTree = "<group>"; };
		45CB9D102B00021F003A96DB /* Info.plist */ = {isa = PBXFileReference; lastKnownFileType = text.plist; path = Info.plist; sourceTree = "<group>"; };
		45CB9D132B000A24003A96DB /* OnboardData.swift */ = {isa = PBXFileReference; lastKnownFileType = sourcecode.swift; path = OnboardData.swift; sourceTree = "<group>"; };
		45CB9D172B00106F003A96DB /* Onboarding.swift */ = {isa = PBXFileReference; lastKnownFileType = sourcecode.swift; path = Onboarding.swift; sourceTree = "<group>"; };
		45DCB5EC2B13B9D80047055C /* ForgotPassword.swift */ = {isa = PBXFileReference; lastKnownFileType = sourcecode.swift; path = ForgotPassword.swift; sourceTree = "<group>"; };
		45DCB5EF2B13BB090047055C /* Home.swift */ = {isa = PBXFileReference; lastKnownFileType = sourcecode.swift; path = Home.swift; sourceTree = "<group>"; };
		45F0E81A2B090EDE00F90BD6 /* Login.swift */ = {isa = PBXFileReference; lastKnownFileType = sourcecode.swift; path = Login.swift; sourceTree = "<group>"; };
/* End PBXFileReference section */

/* Begin PBXFrameworksBuildPhase section */
		45CB9CF72AFFDA4F003A96DB /* Frameworks */ = {
			isa = PBXFrameworksBuildPhase;
			buildActionMask = 2147483647;
			files = (
			);
			runOnlyForDeploymentPostprocessing = 0;
		};
/* End PBXFrameworksBuildPhase section */

/* Begin PBXGroup section */
		45CB30E62B12A62600DAE216 /* components */ = {
			isa = PBXGroup;
			children = (
				45CB30E72B12A64300DAE216 /* Dropdown.swift */,
				451023AD2B1BDB4C007D0207 /* Tabs.swift */,
			);
			path = components;
			sourceTree = "<group>";
		};
		45CB9CF12AFFDA4F003A96DB = {
			isa = PBXGroup;
			children = (
				45CB9CFC2AFFDA4F003A96DB /* omi */,
				45CB9CFB2AFFDA4F003A96DB /* Products */,
			);
			sourceTree = "<group>";
		};
		45CB9CFB2AFFDA4F003A96DB /* Products */ = {
			isa = PBXGroup;
			children = (
				45CB9CFA2AFFDA4F003A96DB /* omi.app */,
			);
			name = Products;
			sourceTree = "<group>";
		};
		45CB9CFC2AFFDA4F003A96DB /* omi */ = {
			isa = PBXGroup;
			children = (
				45DCB5EE2B13BAFB0047055C /* pages */,
				45CB30E62B12A62600DAE216 /* components */,
				459929742B097E2A007F5983 /* TomatoGrotesk-Bold.otf */,
				45F0E8192B090EBF00F90BD6 /* auth */,
				45CB9D172B00106F003A96DB /* Onboarding.swift */,
				45CB9D102B00021F003A96DB /* Info.plist */,
				45CB9D132B000A24003A96DB /* OnboardData.swift */,
				45CB9CFD2AFFDA4F003A96DB /* omiApp.swift */,
				45CB9CFF2AFFDA4F003A96DB /* ContentView.swift */,
				45CB9D012AFFDA50003A96DB /* Assets.xcassets */,
				45CB9D032AFFDA50003A96DB /* Preview Content */,
				459929762B097E6B007F5983 /* DMSans-Regular.ttf */,
				45CB30E42B1261D900DAE216 /* DMSans-Bold.ttf */,
			);
			path = omi;
			sourceTree = "<group>";
		};
		45CB9D032AFFDA50003A96DB /* Preview Content */ = {
			isa = PBXGroup;
			children = (
				45CB9D042AFFDA50003A96DB /* Preview Assets.xcassets */,
			);
			path = "Preview Content";
			sourceTree = "<group>";
		};
		45DCB5EE2B13BAFB0047055C /* pages */ = {
			isa = PBXGroup;
			children = (
				45DCB5EF2B13BB090047055C /* Home.swift */,
				451023AF2B1BDC08007D0207 /* Layout.swift */,
				451023B12B1BE14F007D0207 /* Profile.swift */,
				457E97C72B307E92002AF9B1 /* Support.swift */,
			);
			path = pages;
			sourceTree = "<group>";
		};
		45F0E8192B090EBF00F90BD6 /* auth */ = {
			isa = PBXGroup;
			children = (
				45F0E81A2B090EDE00F90BD6 /* Login.swift */,
				458FA9BD2B11664700BB3C62 /* Signup.swift */,
				45DCB5EC2B13B9D80047055C /* ForgotPassword.swift */,
			);
			path = auth;
			sourceTree = "<group>";
		};
/* End PBXGroup section */

/* Begin PBXNativeTarget section */
		45CB9CF92AFFDA4F003A96DB /* omi */ = {
			isa = PBXNativeTarget;
			buildConfigurationList = 45CB9D082AFFDA50003A96DB /* Build configuration list for PBXNativeTarget "omi" */;
			buildPhases = (
				45CB9CF62AFFDA4F003A96DB /* Sources */,
				45CB9CF72AFFDA4F003A96DB /* Frameworks */,
				45CB9CF82AFFDA4F003A96DB /* Resources */,
			);
			buildRules = (
			);
			dependencies = (
			);
			name = omi;
			productName = omi;
			productReference = 45CB9CFA2AFFDA4F003A96DB /* omi.app */;
			productType = "com.apple.product-type.application";
		};
/* End PBXNativeTarget section */

/* Begin PBXProject section */
		45CB9CF22AFFDA4F003A96DB /* Project object */ = {
			isa = PBXProject;
			attributes = {
				BuildIndependentTargetsInParallel = 1;
				LastSwiftUpdateCheck = 1430;
				LastUpgradeCheck = 1430;
				TargetAttributes = {
					45CB9CF92AFFDA4F003A96DB = {
						CreatedOnToolsVersion = 14.3;
					};
				};
			};
			buildConfigurationList = 45CB9CF52AFFDA4F003A96DB /* Build configuration list for PBXProject "omi" */;
			compatibilityVersion = "Xcode 14.0";
			developmentRegion = en;
			hasScannedForEncodings = 0;
			knownRegions = (
				en,
				Base,
			);
			mainGroup = 45CB9CF12AFFDA4F003A96DB;
			productRefGroup = 45CB9CFB2AFFDA4F003A96DB /* Products */;
			projectDirPath = "";
			projectRoot = "";
			targets = (
				45CB9CF92AFFDA4F003A96DB /* omi */,
			);
		};
/* End PBXProject section */

/* Begin PBXResourcesBuildPhase section */
		45CB9CF82AFFDA4F003A96DB /* Resources */ = {
			isa = PBXResourcesBuildPhase;
			buildActionMask = 2147483647;
			files = (
				45CB9D052AFFDA50003A96DB /* Preview Assets.xcassets in Resources */,
				45CB30E52B1261D900DAE216 /* DMSans-Bold.ttf in Resources */,
				45CB9D022AFFDA50003A96DB /* Assets.xcassets in Resources */,
				459929772B097E6B007F5983 /* DMSans-Regular.ttf in Resources */,
				459929752B097E2A007F5983 /* TomatoGrotesk-Bold.otf in Resources */,
			);
			runOnlyForDeploymentPostprocessing = 0;
		};
/* End PBXResourcesBuildPhase section */

/* Begin PBXSourcesBuildPhase section */
		45CB9CF62AFFDA4F003A96DB /* Sources */ = {
			isa = PBXSourcesBuildPhase;
			buildActionMask = 2147483647;
			files = (
				45CB9D002AFFDA4F003A96DB /* ContentView.swift in Sources */,
				451023B22B1BE14F007D0207 /* Profile.swift in Sources */,
				45F0E81B2B090EDE00F90BD6 /* Login.swift in Sources */,
				45CB9D182B00106F003A96DB /* Onboarding.swift in Sources */,
				451023AE2B1BDB4C007D0207 /* Tabs.swift in Sources */,
				45DCB5ED2B13B9D80047055C /* ForgotPassword.swift in Sources */,
				45DCB5F02B13BB090047055C /* Home.swift in Sources */,
				45CB9CFE2AFFDA4F003A96DB /* omiApp.swift in Sources */,
				451023B02B1BDC08007D0207 /* Layout.swift in Sources */,
				457E97C82B307E92002AF9B1 /* Support.swift in Sources */,
				45CB9D142B000A24003A96DB /* OnboardData.swift in Sources */,
				458FA9BE2B11664700BB3C62 /* Signup.swift in Sources */,
				45CB30E82B12A64300DAE216 /* Dropdown.swift in Sources */,
			);
			runOnlyForDeploymentPostprocessing = 0;
		};
/* End PBXSourcesBuildPhase section */

/* Begin XCBuildConfiguration section */
		45CB9D062AFFDA50003A96DB /* Debug */ = {
			isa = XCBuildConfiguration;
			buildSettings = {
				ALWAYS_SEARCH_USER_PATHS = NO;
				CLANG_ANALYZER_NONNULL = YES;
				CLANG_ANALYZER_NUMBER_OBJECT_CONVERSION = YES_AGGRESSIVE;
				CLANG_CXX_LANGUAGE_STANDARD = "gnu++20";
				CLANG_ENABLE_MODULES = YES;
				CLANG_ENABLE_OBJC_ARC = YES;
				CLANG_ENABLE_OBJC_WEAK = YES;
				CLANG_WARN_BLOCK_CAPTURE_AUTORELEASING = YES;
				CLANG_WARN_BOOL_CONVERSION = YES;
				CLANG_WARN_COMMA = YES;
				CLANG_WARN_CONSTANT_CONVERSION = YES;
				CLANG_WARN_DEPRECATED_OBJC_IMPLEMENTATIONS = YES;
				CLANG_WARN_DIRECT_OBJC_ISA_USAGE = YES_ERROR;
				CLANG_WARN_DOCUMENTATION_COMMENTS = YES;
				CLANG_WARN_EMPTY_BODY = YES;
				CLANG_WARN_ENUM_CONVERSION = YES;
				CLANG_WARN_INFINITE_RECURSION = YES;
				CLANG_WARN_INT_CONVERSION = YES;
				CLANG_WARN_NON_LITERAL_NULL_CONVERSION = YES;
				CLANG_WARN_OBJC_IMPLICIT_RETAIN_SELF = YES;
				CLANG_WARN_OBJC_LITERAL_CONVERSION = YES;
				CLANG_WARN_OBJC_ROOT_CLASS = YES_ERROR;
				CLANG_WARN_QUOTED_INCLUDE_IN_FRAMEWORK_HEADER = YES;
				CLANG_WARN_RANGE_LOOP_ANALYSIS = YES;
				CLANG_WARN_STRICT_PROTOTYPES = YES;
				CLANG_WARN_SUSPICIOUS_MOVE = YES;
				CLANG_WARN_UNGUARDED_AVAILABILITY = YES_AGGRESSIVE;
				CLANG_WARN_UNREACHABLE_CODE = YES;
				CLANG_WARN__DUPLICATE_METHOD_MATCH = YES;
				COPY_PHASE_STRIP = NO;
				DEBUG_INFORMATION_FORMAT = dwarf;
				ENABLE_STRICT_OBJC_MSGSEND = YES;
				ENABLE_TESTABILITY = YES;
				GCC_C_LANGUAGE_STANDARD = gnu11;
				GCC_DYNAMIC_NO_PIC = NO;
				GCC_NO_COMMON_BLOCKS = YES;
				GCC_OPTIMIZATION_LEVEL = 0;
				GCC_PREPROCESSOR_DEFINITIONS = (
					"DEBUG=1",
					"$(inherited)",
				);
				GCC_WARN_64_TO_32_BIT_CONVERSION = YES;
				GCC_WARN_ABOUT_RETURN_TYPE = YES_ERROR;
				GCC_WARN_UNDECLARED_SELECTOR = YES;
				GCC_WARN_UNINITIALIZED_AUTOS = YES_AGGRESSIVE;
				GCC_WARN_UNUSED_FUNCTION = YES;
				GCC_WARN_UNUSED_VARIABLE = YES;
				IPHONEOS_DEPLOYMENT_TARGET = 16.4;
				MTL_ENABLE_DEBUG_INFO = INCLUDE_SOURCE;
				MTL_FAST_MATH = YES;
				ONLY_ACTIVE_ARCH = YES;
				SDKROOT = iphoneos;
				SWIFT_ACTIVE_COMPILATION_CONDITIONS = DEBUG;
				SWIFT_OPTIMIZATION_LEVEL = "-Onone";
			};
			name = Debug;
		};
		45CB9D072AFFDA50003A96DB /* Release */ = {
			isa = XCBuildConfiguration;
			buildSettings = {
				ALWAYS_SEARCH_USER_PATHS = NO;
				CLANG_ANALYZER_NONNULL = YES;
				CLANG_ANALYZER_NUMBER_OBJECT_CONVERSION = YES_AGGRESSIVE;
				CLANG_CXX_LANGUAGE_STANDARD = "gnu++20";
				CLANG_ENABLE_MODULES = YES;
				CLANG_ENABLE_OBJC_ARC = YES;
				CLANG_ENABLE_OBJC_WEAK = YES;
				CLANG_WARN_BLOCK_CAPTURE_AUTORELEASING = YES;
				CLANG_WARN_BOOL_CONVERSION = YES;
				CLANG_WARN_COMMA = YES;
				CLANG_WARN_CONSTANT_CONVERSION = YES;
				CLANG_WARN_DEPRECATED_OBJC_IMPLEMENTATIONS = YES;
				CLANG_WARN_DIRECT_OBJC_ISA_USAGE = YES_ERROR;
				CLANG_WARN_DOCUMENTATION_COMMENTS = YES;
				CLANG_WARN_EMPTY_BODY = YES;
				CLANG_WARN_ENUM_CONVERSION = YES;
				CLANG_WARN_INFINITE_RECURSION = YES;
				CLANG_WARN_INT_CONVERSION = YES;
				CLANG_WARN_NON_LITERAL_NULL_CONVERSION = YES;
				CLANG_WARN_OBJC_IMPLICIT_RETAIN_SELF = YES;
				CLANG_WARN_OBJC_LITERAL_CONVERSION = YES;
				CLANG_WARN_OBJC_ROOT_CLASS = YES_ERROR;
				CLANG_WARN_QUOTED_INCLUDE_IN_FRAMEWORK_HEADER = YES;
				CLANG_WARN_RANGE_LOOP_ANALYSIS = YES;
				CLANG_WARN_STRICT_PROTOTYPES = YES;
				CLANG_WARN_SUSPICIOUS_MOVE = YES;
				CLANG_WARN_UNGUARDED_AVAILABILITY = YES_AGGRESSIVE;
				CLANG_WARN_UNREACHABLE_CODE = YES;
				CLANG_WARN__DUPLICATE_METHOD_MATCH = YES;
				COPY_PHASE_STRIP = NO;
				DEBUG_INFORMATION_FORMAT = "dwarf-with-dsym";
				ENABLE_NS_ASSERTIONS = NO;
				ENABLE_STRICT_OBJC_MSGSEND = YES;
				GCC_C_LANGUAGE_STANDARD = gnu11;
				GCC_NO_COMMON_BLOCKS = YES;
				GCC_WARN_64_TO_32_BIT_CONVERSION = YES;
				GCC_WARN_ABOUT_RETURN_TYPE = YES_ERROR;
				GCC_WARN_UNDECLARED_SELECTOR = YES;
				GCC_WARN_UNINITIALIZED_AUTOS = YES_AGGRESSIVE;
				GCC_WARN_UNUSED_FUNCTION = YES;
				GCC_WARN_UNUSED_VARIABLE = YES;
				IPHONEOS_DEPLOYMENT_TARGET = 16.4;
				MTL_ENABLE_DEBUG_INFO = NO;
				MTL_FAST_MATH = YES;
				SDKROOT = iphoneos;
				SWIFT_COMPILATION_MODE = wholemodule;
				SWIFT_OPTIMIZATION_LEVEL = "-O";
				VALIDATE_PRODUCT = YES;
			};
			name = Release;
		};
		45CB9D092AFFDA50003A96DB /* Debug */ = {
			isa = XCBuildConfiguration;
			buildSettings = {
				ASSETCATALOG_COMPILER_APPICON_NAME = AppIcon;
				ASSETCATALOG_COMPILER_GLOBAL_ACCENT_COLOR_NAME = AccentColor;
				CODE_SIGN_STYLE = Automatic;
				CURRENT_PROJECT_VERSION = 1;
				DEVELOPMENT_ASSET_PATHS = "\"omi/Preview Content\"";
				DEVELOPMENT_TEAM = 57PCP37963;
				ENABLE_PREVIEWS = YES;
				GENERATE_INFOPLIST_FILE = YES;
				INFOPLIST_FILE = omi/Info.plist;
				INFOPLIST_KEY_UIApplicationSceneManifest_Generation = YES;
				INFOPLIST_KEY_UIApplicationSupportsIndirectInputEvents = YES;
				INFOPLIST_KEY_UISupportedInterfaceOrientations_iPad = "UIInterfaceOrientationPortrait UIInterfaceOrientationPortraitUpsideDown UIInterfaceOrientationLandscapeLeft UIInterfaceOrientationLandscapeRight";
				INFOPLIST_KEY_UISupportedInterfaceOrientations_iPhone = "UIInterfaceOrientationPortrait UIInterfaceOrientationLandscapeLeft UIInterfaceOrientationLandscapeRight";
				LD_RUNPATH_SEARCH_PATHS = (
					"$(inherited)",
					"@executable_path/Frameworks",
				);
				MARKETING_VERSION = 1.0;
				PRODUCT_BUNDLE_IDENTIFIER = com.kehinde.omi;
				PRODUCT_NAME = "$(TARGET_NAME)";
				SWIFT_EMIT_LOC_STRINGS = YES;
				SWIFT_VERSION = 5.0;
				TARGETED_DEVICE_FAMILY = "1,2";
			};
			name = Debug;
		};
		45CB9D0A2AFFDA50003A96DB /* Release */ = {
			isa = XCBuildConfiguration;
			buildSettings = {
				ASSETCATALOG_COMPILER_APPICON_NAME = AppIcon;
				ASSETCATALOG_COMPILER_GLOBAL_ACCENT_COLOR_NAME = AccentColor;
				CODE_SIGN_STYLE = Automatic;
				CURRENT_PROJECT_VERSION = 1;
				DEVELOPMENT_ASSET_PATHS = "\"omi/Preview Content\"";
				DEVELOPMENT_TEAM = 57PCP37963;
				ENABLE_PREVIEWS = YES;
				GENERATE_INFOPLIST_FILE = YES;
				INFOPLIST_FILE = omi/Info.plist;
				INFOPLIST_KEY_UIApplicationSceneManifest_Generation = YES;
				INFOPLIST_KEY_UIApplicationSupportsIndirectInputEvents = YES;
				INFOPLIST_KEY_UISupportedInterfaceOrientations_iPad = "UIInterfaceOrientationPortrait UIInterfaceOrientationPortraitUpsideDown UIInterfaceOrientationLandscapeLeft UIInterfaceOrientationLandscapeRight";
				INFOPLIST_KEY_UISupportedInterfaceOrientations_iPhone = "UIInterfaceOrientationPortrait UIInterfaceOrientationLandscapeLeft UIInterfaceOrientationLandscapeRight";
				LD_RUNPATH_SEARCH_PATHS = (
					"$(inherited)",
					"@executable_path/Frameworks",
				);
				MARKETING_VERSION = 1.0;
				PRODUCT_BUNDLE_IDENTIFIER = com.kehinde.omi;
				PRODUCT_NAME = "$(TARGET_NAME)";
				SWIFT_EMIT_LOC_STRINGS = YES;
				SWIFT_VERSION = 5.0;
				TARGETED_DEVICE_FAMILY = "1,2";
			};
			name = Release;
		};
/* End XCBuildConfiguration section */

/* Begin XCConfigurationList section */
		45CB9CF52AFFDA4F003A96DB /* Build configuration list for PBXProject "omi" */ = {
			isa = XCConfigurationList;
			buildConfigurations = (
				45CB9D062AFFDA50003A96DB /* Debug */,
				45CB9D072AFFDA50003A96DB /* Release */,
			);
			defaultConfigurationIsVisible = 0;
			defaultConfigurationName = Release;
		};
		45CB9D082AFFDA50003A96DB /* Build configuration list for PBXNativeTarget "omi" */ = {
			isa = XCConfigurationList;
			buildConfigurations = (
				45CB9D092AFFDA50003A96DB /* Debug */,
				45CB9D0A2AFFDA50003A96DB /* Release */,
			);
			defaultConfigurationIsVisible = 0;
			defaultConfigurationName = Release;
		};
/* End XCConfigurationList section */
	};
	rootObject = 45CB9CF22AFFDA4F003A96DB /* Project object */;
}
